
Microsoft Visual Studio Solution File, Format Version 12.00
# Visual Studio Version 17
VisualStudioVersion = 17.3.32825.248
MinimumVisualStudioVersion = 10.0.40219.1
Project("{9A19103F-16F7-4668-BE54-9A1E7A4F7556}") = "MagicBoard", "MagicBoard\MagicBoard.csproj", "{79066A15-5C26-4B7B-A5E7-0BDC27350408}"
EndProject
Global
	GlobalSection(SolutionConfigurationPlatforms) = preSolution
		Debug|Any CPU = Debug|Any CPU
		Release|Any CPU = Release|Any CPU
	EndGlobalSection
	GlobalSection(ProjectConfigurationPlatforms) = postSolution
		{79066A15-5C26-4B7B-A5E7-0BDC27350408}.Debug|Any CPU.ActiveCfg = Debug|Any CPU
		{79066A15-5C26-4B7B-A5E7-0BDC27350408}.Debug|Any CPU.Build.0 = Debug|Any CPU
		{79066A15-5C26-4B7B-A5E7-0BDC27350408}.Release|Any CPU.ActiveCfg = Release|Any CPU
		{79066A15-5C26-4B7B-A5E7-0BDC27350408}.Release|Any CPU.Build.0 = Release|Any CPU
	EndGlobalSection
	GlobalSection(SolutionProperties) = preSolution
		HideSolutionNode = FALSE
	EndGlobalSection
	GlobalSection(ExtensibilityGlobals) = postSolution
		SolutionGuid = {6D210662-D435-4743-B1DA-F8D619C2A905}
	EndGlobalSection
EndGlobal
